
Microsoft Visual Studio Solution File, Format Version 12.00
# Visual Studio Version 17
VisualStudioVersion = 17.1.32328.378
MinimumVisualStudioVersion = 10.0.40219.1
Project("{FAE04EC0-301F-11D3-BF4B-00C04F79EFBC}") = "Weather2(.net5.0)", "Weather2(.net5.0)\Weather2(.net5.0).csproj", "{1FA3DB03-4AAC-4C4F-B6F1-619C2C2FAF3C}"
EndProject
Global
	GlobalSection(SolutionConfigurationPlatforms) = preSolution
		Debug|Any CPU = Debug|Any CPU
		Release|Any CPU = Release|Any CPU
	EndGlobalSection
	GlobalSection(ProjectConfigurationPlatforms) = postSolution
		{1FA3DB03-4AAC-4C4F-B6F1-619C2C2FAF3C}.Debug|Any CPU.ActiveCfg = Debug|Any CPU
		{1FA3DB03-4AAC-4C4F-B6F1-619C2C2FAF3C}.Debug|Any CPU.Build.0 = Debug|Any CPU
		{1FA3DB03-4AAC-4C4F-B6F1-619C2C2FAF3C}.Release|Any CPU.ActiveCfg = Release|Any CPU
		{1FA3DB03-4AAC-4C4F-B6F1-619C2C2FAF3C}.Release|Any CPU.Build.0 = Release|Any CPU
	EndGlobalSection
	GlobalSection(SolutionProperties) = preSolution
		HideSolutionNode = FALSE
	EndGlobalSection
	GlobalSection(ExtensibilityGlobals) = postSolution
		SolutionGuid = {442DC539-ED72-4370-B636-64314146D6B5}
	EndGlobalSection
EndGlobal
